{
  "name": "recipe-app",
  "version": "1.0.0",
  "lockfileVersion": 3,
  "requires": true,
  "packages": {
    "": {
      "name": "recipe-app",
      "version": "1.0.0",
      "license": "ISC",
      "dependencies": {
        "expo-image": "~1.12.12"
      }
    },
    "node_modules/expo": {
      "peer": true
    },
    "node_modules/expo-image": {
      "version": "1.12.12",
      "resolved": "https://registry.npmjs.org/expo-image/-/expo-image-1.12.12.tgz",
      "integrity": "sha512-zZutUhKYqcqTH12o87pGCVLsuQeRK2vaNwxa8beznbDnmWevm3dmbOTCxaOhGgjyDxwcdwDa483Q4IKCXL6tBw==",
      "peerDependencies": {
        "expo": "*"
      }
    }
  }
}
